
Microsoft Visual Studio Solution File, Format Version 12.00
# Visual Studio 15
VisualStudioVersion = 15.0.26730.15
MinimumVisualStudioVersion = 10.0.40219.1
Project("{FAE04EC0-301F-11D3-BF4B-00C04F79EFBC}") = "CountLines", "CountLines\CountLines.csproj", "{D3EF8CB8-5BF3-458E-848A-DFECB5B650DE}"
EndProject
Global
	GlobalSection(SolutionConfigurationPlatforms) = preSolution
		Debug|Any CPU = Debug|Any CPU
		Release|Any CPU = Release|Any CPU
	EndGlobalSection
	GlobalSection(ProjectConfigurationPlatforms) = postSolution
		{D3EF8CB8-5BF3-458E-848A-DFECB5B650DE}.Debug|Any CPU.ActiveCfg = Debug|Any CPU
		{D3EF8CB8-5BF3-458E-848A-DFECB5B650DE}.Debug|Any CPU.Build.0 = Debug|Any CPU
		{D3EF8CB8-5BF3-458E-848A-DFECB5B650DE}.Release|Any CPU.ActiveCfg = Release|Any CPU
		{D3EF8CB8-5BF3-458E-848A-DFECB5B650DE}.Release|Any CPU.Build.0 = Release|Any CPU
	EndGlobalSection
	GlobalSection(SolutionProperties) = preSolution
		HideSolutionNode = FALSE
	EndGlobalSection
	GlobalSection(ExtensibilityGlobals) = postSolution
		SolutionGuid = {74F70F9B-2420-49EF-955D-A6901E3CC8DC}
	EndGlobalSection
EndGlobal
