
Microsoft Visual Studio Solution File, Format Version 12.00
# Visual Studio 2012
Project("{FAE04EC0-301F-11D3-BF4B-00C04F79EFBC}") = "ex23", "ex23.csproj", "{C2C8D911-A192-46BD-9C99-9F157289825A}"
EndProject
Global
	GlobalSection(SolutionConfigurationPlatforms) = preSolution
		Debug|Any CPU = Debug|Any CPU
		Release|Any CPU = Release|Any CPU
	EndGlobalSection
	GlobalSection(ProjectConfigurationPlatforms) = postSolution
		{C2C8D911-A192-46BD-9C99-9F157289825A}.Debug|Any CPU.ActiveCfg = Debug|Any CPU
		{C2C8D911-A192-46BD-9C99-9F157289825A}.Debug|Any CPU.Build.0 = Debug|Any CPU
		{C2C8D911-A192-46BD-9C99-9F157289825A}.Release|Any CPU.ActiveCfg = Release|Any CPU
		{C2C8D911-A192-46BD-9C99-9F157289825A}.Release|Any CPU.Build.0 = Release|Any CPU
	EndGlobalSection
EndGlobal
