
Microsoft Visual Studio Solution File, Format Version 12.00
# Visual Studio 2012
Project("{FAE04EC0-301F-11D3-BF4B-00C04F79EFBC}") = "simplereplace", "simplereplace.csproj", "{3F3695DB-FEAD-4CAF-8317-7F7992FC9E66}"
EndProject
Global
	GlobalSection(SolutionConfigurationPlatforms) = preSolution
		Debug|Any CPU = Debug|Any CPU
		Release|Any CPU = Release|Any CPU
	EndGlobalSection
	GlobalSection(ProjectConfigurationPlatforms) = postSolution
		{3F3695DB-FEAD-4CAF-8317-7F7992FC9E66}.Debug|Any CPU.ActiveCfg = Debug|Any CPU
		{3F3695DB-FEAD-4CAF-8317-7F7992FC9E66}.Debug|Any CPU.Build.0 = Debug|Any CPU
		{3F3695DB-FEAD-4CAF-8317-7F7992FC9E66}.Release|Any CPU.ActiveCfg = Release|Any CPU
		{3F3695DB-FEAD-4CAF-8317-7F7992FC9E66}.Release|Any CPU.Build.0 = Release|Any CPU
	EndGlobalSection
EndGlobal
