
Microsoft Visual Studio Solution File, Format Version 12.00
# Visual Studio 2012
Project("{FAE04EC0-301F-11D3-BF4B-00C04F79EFBC}") = "Dominoes", "Dominoes.csproj", "{FBB53C92-B5BF-449E-ABEE-B284CC91D57A}"
EndProject
Global
	GlobalSection(SolutionConfigurationPlatforms) = preSolution
		Debug|Any CPU = Debug|Any CPU
		Release|Any CPU = Release|Any CPU
	EndGlobalSection
	GlobalSection(ProjectConfigurationPlatforms) = postSolution
		{FBB53C92-B5BF-449E-ABEE-B284CC91D57A}.Debug|Any CPU.ActiveCfg = Debug|Any CPU
		{FBB53C92-B5BF-449E-ABEE-B284CC91D57A}.Debug|Any CPU.Build.0 = Debug|Any CPU
		{FBB53C92-B5BF-449E-ABEE-B284CC91D57A}.Release|Any CPU.ActiveCfg = Release|Any CPU
		{FBB53C92-B5BF-449E-ABEE-B284CC91D57A}.Release|Any CPU.Build.0 = Release|Any CPU
	EndGlobalSection
EndGlobal
