
Microsoft Visual Studio Solution File, Format Version 12.00
# Visual Studio 2012
Project("{FAE04EC0-301F-11D3-BF4B-00C04F79EFBC}") = "incrementelement", "incrementelement.csproj", "{FBE62390-589F-4E0F-A449-BF4F083B908D}"
EndProject
Global
	GlobalSection(SolutionConfigurationPlatforms) = preSolution
		Debug|Any CPU = Debug|Any CPU
		Release|Any CPU = Release|Any CPU
	EndGlobalSection
	GlobalSection(ProjectConfigurationPlatforms) = postSolution
		{FBE62390-589F-4E0F-A449-BF4F083B908D}.Debug|Any CPU.ActiveCfg = Debug|Any CPU
		{FBE62390-589F-4E0F-A449-BF4F083B908D}.Debug|Any CPU.Build.0 = Debug|Any CPU
		{FBE62390-589F-4E0F-A449-BF4F083B908D}.Release|Any CPU.ActiveCfg = Release|Any CPU
		{FBE62390-589F-4E0F-A449-BF4F083B908D}.Release|Any CPU.Build.0 = Release|Any CPU
	EndGlobalSection
EndGlobal
