
Microsoft Visual Studio Solution File, Format Version 12.00
# Visual Studio 15
VisualStudioVersion = 15.0.27004.2005
MinimumVisualStudioVersion = 10.0.40219.1
Project("{FAE04EC0-301F-11D3-BF4B-00C04F79EFBC}") = "Contoso", "Contoso\Contoso.csproj", "{378DA7E0-FA45-479B-BB99-A9420B10D4C9}"
EndProject
Global
	GlobalSection(SolutionConfigurationPlatforms) = preSolution
		Debug|Any CPU = Debug|Any CPU
		Release|Any CPU = Release|Any CPU
	EndGlobalSection
	GlobalSection(ProjectConfigurationPlatforms) = postSolution
		{378DA7E0-FA45-479B-BB99-A9420B10D4C9}.Debug|Any CPU.ActiveCfg = Debug|Any CPU
		{378DA7E0-FA45-479B-BB99-A9420B10D4C9}.Debug|Any CPU.Build.0 = Debug|Any CPU
		{378DA7E0-FA45-479B-BB99-A9420B10D4C9}.Release|Any CPU.ActiveCfg = Release|Any CPU
		{378DA7E0-FA45-479B-BB99-A9420B10D4C9}.Release|Any CPU.Build.0 = Release|Any CPU
	EndGlobalSection
	GlobalSection(SolutionProperties) = preSolution
		HideSolutionNode = FALSE
	EndGlobalSection
	GlobalSection(ExtensibilityGlobals) = postSolution
		SolutionGuid = {108AB7D6-4018-429A-A74A-2CE807599927}
	EndGlobalSection
EndGlobal
