
Microsoft Visual Studio Solution File, Format Version 12.00
# Visual Studio 15
VisualStudioVersion = 15.0.26730.15
MinimumVisualStudioVersion = 10.0.40219.1
Project("{FAE04EC0-301F-11D3-BF4B-00C04F79EFBC}") = "KochLine", "KochLine.csproj", "{FC023815-63EB-4EAE-AEAC-6D47C3E9D7CB}"
EndProject
Global
	GlobalSection(SolutionConfigurationPlatforms) = preSolution
		Debug|Any CPU = Debug|Any CPU
		Release|Any CPU = Release|Any CPU
	EndGlobalSection
	GlobalSection(ProjectConfigurationPlatforms) = postSolution
		{FC023815-63EB-4EAE-AEAC-6D47C3E9D7CB}.Debug|Any CPU.ActiveCfg = Debug|Any CPU
		{FC023815-63EB-4EAE-AEAC-6D47C3E9D7CB}.Debug|Any CPU.Build.0 = Debug|Any CPU
		{FC023815-63EB-4EAE-AEAC-6D47C3E9D7CB}.Release|Any CPU.ActiveCfg = Release|Any CPU
		{FC023815-63EB-4EAE-AEAC-6D47C3E9D7CB}.Release|Any CPU.Build.0 = Release|Any CPU
	EndGlobalSection
	GlobalSection(SolutionProperties) = preSolution
		HideSolutionNode = FALSE
	EndGlobalSection
	GlobalSection(ExtensibilityGlobals) = postSolution
		SolutionGuid = {B8C63823-1128-4EB2-BF1E-9D4956156588}
	EndGlobalSection
EndGlobal
