
Microsoft Visual Studio Solution File, Format Version 12.00
# Visual Studio 2012
Project("{FAE04EC0-301F-11D3-BF4B-00C04F79EFBC}") = "ex11", "ex11.csproj", "{642CE57E-CC6F-4017-8B82-38B810AC19CA}"
EndProject
Global
	GlobalSection(SolutionConfigurationPlatforms) = preSolution
		Debug|Any CPU = Debug|Any CPU
		Release|Any CPU = Release|Any CPU
	EndGlobalSection
	GlobalSection(ProjectConfigurationPlatforms) = postSolution
		{642CE57E-CC6F-4017-8B82-38B810AC19CA}.Debug|Any CPU.ActiveCfg = Debug|Any CPU
		{642CE57E-CC6F-4017-8B82-38B810AC19CA}.Debug|Any CPU.Build.0 = Debug|Any CPU
		{642CE57E-CC6F-4017-8B82-38B810AC19CA}.Release|Any CPU.ActiveCfg = Release|Any CPU
		{642CE57E-CC6F-4017-8B82-38B810AC19CA}.Release|Any CPU.Build.0 = Release|Any CPU
	EndGlobalSection
EndGlobal
