
Microsoft Visual Studio Solution File, Format Version 12.00
# Visual Studio 2012
Project("{FAE04EC0-301F-11D3-BF4B-00C04F79EFBC}") = "SuperNatural", "SuperNatural.csproj", "{6ABD696F-A4EB-4074-A8CB-07463E8C5400}"
EndProject
Global
	GlobalSection(SolutionConfigurationPlatforms) = preSolution
		Debug|Any CPU = Debug|Any CPU
		Release|Any CPU = Release|Any CPU
	EndGlobalSection
	GlobalSection(ProjectConfigurationPlatforms) = postSolution
		{6ABD696F-A4EB-4074-A8CB-07463E8C5400}.Debug|Any CPU.ActiveCfg = Debug|Any CPU
		{6ABD696F-A4EB-4074-A8CB-07463E8C5400}.Debug|Any CPU.Build.0 = Debug|Any CPU
		{6ABD696F-A4EB-4074-A8CB-07463E8C5400}.Release|Any CPU.ActiveCfg = Release|Any CPU
		{6ABD696F-A4EB-4074-A8CB-07463E8C5400}.Release|Any CPU.Build.0 = Release|Any CPU
	EndGlobalSection
EndGlobal
