
Microsoft Visual Studio Solution File, Format Version 12.00
# Visual Studio 15
VisualStudioVersion = 15.0.26730.15
MinimumVisualStudioVersion = 10.0.40219.1
Project("{FAE04EC0-301F-11D3-BF4B-00C04F79EFBC}") = "CharFrequency", "CharFrequency\CharFrequency.csproj", "{43DD51C2-9B80-4E78-BE8E-B1B2846F7970}"
EndProject
Global
	GlobalSection(SolutionConfigurationPlatforms) = preSolution
		Debug|Any CPU = Debug|Any CPU
		Release|Any CPU = Release|Any CPU
	EndGlobalSection
	GlobalSection(ProjectConfigurationPlatforms) = postSolution
		{43DD51C2-9B80-4E78-BE8E-B1B2846F7970}.Debug|Any CPU.ActiveCfg = Debug|Any CPU
		{43DD51C2-9B80-4E78-BE8E-B1B2846F7970}.Debug|Any CPU.Build.0 = Debug|Any CPU
		{43DD51C2-9B80-4E78-BE8E-B1B2846F7970}.Release|Any CPU.ActiveCfg = Release|Any CPU
		{43DD51C2-9B80-4E78-BE8E-B1B2846F7970}.Release|Any CPU.Build.0 = Release|Any CPU
	EndGlobalSection
	GlobalSection(SolutionProperties) = preSolution
		HideSolutionNode = FALSE
	EndGlobalSection
	GlobalSection(ExtensibilityGlobals) = postSolution
		SolutionGuid = {9D3790E0-00DD-47E2-BD81-EFBEDEA44CA4}
	EndGlobalSection
EndGlobal
