
Microsoft Visual Studio Solution File, Format Version 12.00
# Visual Studio 15
VisualStudioVersion = 15.0.26730.15
MinimumVisualStudioVersion = 10.0.40219.1
Project("{FAE04EC0-301F-11D3-BF4B-00C04F79EFBC}") = "RainbowBoxFunction", "RainbowBoxFunction.csproj", "{1728C3B2-91FB-4B8E-92C6-4F460E5AF61F}"
EndProject
Global
	GlobalSection(SolutionConfigurationPlatforms) = preSolution
		Debug|Any CPU = Debug|Any CPU
		Release|Any CPU = Release|Any CPU
	EndGlobalSection
	GlobalSection(ProjectConfigurationPlatforms) = postSolution
		{1728C3B2-91FB-4B8E-92C6-4F460E5AF61F}.Debug|Any CPU.ActiveCfg = Debug|Any CPU
		{1728C3B2-91FB-4B8E-92C6-4F460E5AF61F}.Debug|Any CPU.Build.0 = Debug|Any CPU
		{1728C3B2-91FB-4B8E-92C6-4F460E5AF61F}.Release|Any CPU.ActiveCfg = Release|Any CPU
		{1728C3B2-91FB-4B8E-92C6-4F460E5AF61F}.Release|Any CPU.Build.0 = Release|Any CPU
	EndGlobalSection
	GlobalSection(SolutionProperties) = preSolution
		HideSolutionNode = FALSE
	EndGlobalSection
	GlobalSection(ExtensibilityGlobals) = postSolution
		SolutionGuid = {2969AA81-5E47-4DE5-95B0-7C8CB2A44EBD}
	EndGlobalSection
EndGlobal
