
Microsoft Visual Studio Solution File, Format Version 12.00
# Visual Studio 2012
Project("{FAE04EC0-301F-11D3-BF4B-00C04F79EFBC}") = "elementfinder", "elementfinder.csproj", "{3EF1928A-7758-40A7-A047-1C5B6F24100B}"
EndProject
Global
	GlobalSection(SolutionConfigurationPlatforms) = preSolution
		Debug|Any CPU = Debug|Any CPU
		Release|Any CPU = Release|Any CPU
	EndGlobalSection
	GlobalSection(ProjectConfigurationPlatforms) = postSolution
		{3EF1928A-7758-40A7-A047-1C5B6F24100B}.Debug|Any CPU.ActiveCfg = Debug|Any CPU
		{3EF1928A-7758-40A7-A047-1C5B6F24100B}.Debug|Any CPU.Build.0 = Debug|Any CPU
		{3EF1928A-7758-40A7-A047-1C5B6F24100B}.Release|Any CPU.ActiveCfg = Release|Any CPU
		{3EF1928A-7758-40A7-A047-1C5B6F24100B}.Release|Any CPU.Build.0 = Release|Any CPU
	EndGlobalSection
EndGlobal
