
Microsoft Visual Studio Solution File, Format Version 12.00
# Visual Studio 2012
Project("{FAE04EC0-301F-11D3-BF4B-00C04F79EFBC}") = "ex19", "ex19.csproj", "{C1CC34B7-4FE8-4A70-BBF4-79C50798D510}"
EndProject
Global
	GlobalSection(SolutionConfigurationPlatforms) = preSolution
		Debug|Any CPU = Debug|Any CPU
		Release|Any CPU = Release|Any CPU
	EndGlobalSection
	GlobalSection(ProjectConfigurationPlatforms) = postSolution
		{C1CC34B7-4FE8-4A70-BBF4-79C50798D510}.Debug|Any CPU.ActiveCfg = Debug|Any CPU
		{C1CC34B7-4FE8-4A70-BBF4-79C50798D510}.Debug|Any CPU.Build.0 = Debug|Any CPU
		{C1CC34B7-4FE8-4A70-BBF4-79C50798D510}.Release|Any CPU.ActiveCfg = Release|Any CPU
		{C1CC34B7-4FE8-4A70-BBF4-79C50798D510}.Release|Any CPU.Build.0 = Release|Any CPU
	EndGlobalSection
EndGlobal
