
Microsoft Visual Studio Solution File, Format Version 12.00
# Visual Studio 15
VisualStudioVersion = 15.0.26730.15
MinimumVisualStudioVersion = 10.0.40219.1
Project("{FAE04EC0-301F-11D3-BF4B-00C04F79EFBC}") = "Even", "Even\Even.csproj", "{7DEA99A8-E0D0-4D14-A8BC-BA435E5DC968}"
EndProject
Global
	GlobalSection(SolutionConfigurationPlatforms) = preSolution
		Debug|Any CPU = Debug|Any CPU
		Release|Any CPU = Release|Any CPU
	EndGlobalSection
	GlobalSection(ProjectConfigurationPlatforms) = postSolution
		{7DEA99A8-E0D0-4D14-A8BC-BA435E5DC968}.Debug|Any CPU.ActiveCfg = Debug|Any CPU
		{7DEA99A8-E0D0-4D14-A8BC-BA435E5DC968}.Debug|Any CPU.Build.0 = Debug|Any CPU
		{7DEA99A8-E0D0-4D14-A8BC-BA435E5DC968}.Release|Any CPU.ActiveCfg = Release|Any CPU
		{7DEA99A8-E0D0-4D14-A8BC-BA435E5DC968}.Release|Any CPU.Build.0 = Release|Any CPU
	EndGlobalSection
	GlobalSection(SolutionProperties) = preSolution
		HideSolutionNode = FALSE
	EndGlobalSection
	GlobalSection(ExtensibilityGlobals) = postSolution
		SolutionGuid = {66E07AB2-DAA5-4D4F-B420-CC58AECFECF2}
	EndGlobalSection
EndGlobal
