
Microsoft Visual Studio Solution File, Format Version 12.00
# Visual Studio 2012
Project("{FAE04EC0-301F-11D3-BF4B-00C04F79EFBC}") = "solarsystem", "solarsystem.csproj", "{9C39E71E-C3EC-47BF-A62F-A173949D5E54}"
EndProject
Global
	GlobalSection(SolutionConfigurationPlatforms) = preSolution
		Debug|Any CPU = Debug|Any CPU
		Release|Any CPU = Release|Any CPU
	EndGlobalSection
	GlobalSection(ProjectConfigurationPlatforms) = postSolution
		{9C39E71E-C3EC-47BF-A62F-A173949D5E54}.Debug|Any CPU.ActiveCfg = Debug|Any CPU
		{9C39E71E-C3EC-47BF-A62F-A173949D5E54}.Debug|Any CPU.Build.0 = Debug|Any CPU
		{9C39E71E-C3EC-47BF-A62F-A173949D5E54}.Release|Any CPU.ActiveCfg = Release|Any CPU
		{9C39E71E-C3EC-47BF-A62F-A173949D5E54}.Release|Any CPU.Build.0 = Release|Any CPU
	EndGlobalSection
EndGlobal
