
Microsoft Visual Studio Solution File, Format Version 12.00
# Visual Studio 15
VisualStudioVersion = 15.0.26730.15
MinimumVisualStudioVersion = 10.0.40219.1
Project("{FAE04EC0-301F-11D3-BF4B-00C04F79EFBC}") = "SumDigit", "SumDigit\SumDigit.csproj", "{D18D9129-DC7A-4D2D-9411-A08DA44B0960}"
EndProject
Global
	GlobalSection(SolutionConfigurationPlatforms) = preSolution
		Debug|Any CPU = Debug|Any CPU
		Release|Any CPU = Release|Any CPU
	EndGlobalSection
	GlobalSection(ProjectConfigurationPlatforms) = postSolution
		{D18D9129-DC7A-4D2D-9411-A08DA44B0960}.Debug|Any CPU.ActiveCfg = Debug|Any CPU
		{D18D9129-DC7A-4D2D-9411-A08DA44B0960}.Debug|Any CPU.Build.0 = Debug|Any CPU
		{D18D9129-DC7A-4D2D-9411-A08DA44B0960}.Release|Any CPU.ActiveCfg = Release|Any CPU
		{D18D9129-DC7A-4D2D-9411-A08DA44B0960}.Release|Any CPU.Build.0 = Release|Any CPU
	EndGlobalSection
	GlobalSection(SolutionProperties) = preSolution
		HideSolutionNode = FALSE
	EndGlobalSection
	GlobalSection(ExtensibilityGlobals) = postSolution
		SolutionGuid = {8E72BD80-1058-43CE-84AC-B90EF5094E47}
	EndGlobalSection
EndGlobal
