
Microsoft Visual Studio Solution File, Format Version 12.00
# Visual Studio 15
VisualStudioVersion = 15.0.27004.2002
MinimumVisualStudioVersion = 10.0.40219.1
Project("{FAE04EC0-301F-11D3-BF4B-00C04F79EFBC}") = "TripsOfDrWho", "TripsOfDrWho\TripsOfDrWho.csproj", "{A5A1DFF8-954B-4E81-958B-3DC764B1E947}"
EndProject
Global
	GlobalSection(SolutionConfigurationPlatforms) = preSolution
		Debug|Any CPU = Debug|Any CPU
		Release|Any CPU = Release|Any CPU
	EndGlobalSection
	GlobalSection(ProjectConfigurationPlatforms) = postSolution
		{A5A1DFF8-954B-4E81-958B-3DC764B1E947}.Debug|Any CPU.ActiveCfg = Debug|Any CPU
		{A5A1DFF8-954B-4E81-958B-3DC764B1E947}.Debug|Any CPU.Build.0 = Debug|Any CPU
		{A5A1DFF8-954B-4E81-958B-3DC764B1E947}.Release|Any CPU.ActiveCfg = Release|Any CPU
		{A5A1DFF8-954B-4E81-958B-3DC764B1E947}.Release|Any CPU.Build.0 = Release|Any CPU
	EndGlobalSection
	GlobalSection(SolutionProperties) = preSolution
		HideSolutionNode = FALSE
	EndGlobalSection
	GlobalSection(ExtensibilityGlobals) = postSolution
		SolutionGuid = {0282F741-3B17-45E3-B4C7-2750AABE32D4}
	EndGlobalSection
EndGlobal
