
Microsoft Visual Studio Solution File, Format Version 12.00
# Visual Studio 15
VisualStudioVersion = 15.0.26730.15
MinimumVisualStudioVersion = 10.0.40219.1
Project("{FAE04EC0-301F-11D3-BF4B-00C04F79EFBC}") = "Garden", "Garden\Garden.csproj", "{997711DE-8D55-4B13-B660-9D67573EC41F}"
EndProject
Global
	GlobalSection(SolutionConfigurationPlatforms) = preSolution
		Debug|Any CPU = Debug|Any CPU
		Release|Any CPU = Release|Any CPU
	EndGlobalSection
	GlobalSection(ProjectConfigurationPlatforms) = postSolution
		{997711DE-8D55-4B13-B660-9D67573EC41F}.Debug|Any CPU.ActiveCfg = Debug|Any CPU
		{997711DE-8D55-4B13-B660-9D67573EC41F}.Debug|Any CPU.Build.0 = Debug|Any CPU
		{997711DE-8D55-4B13-B660-9D67573EC41F}.Release|Any CPU.ActiveCfg = Release|Any CPU
		{997711DE-8D55-4B13-B660-9D67573EC41F}.Release|Any CPU.Build.0 = Release|Any CPU
	EndGlobalSection
	GlobalSection(SolutionProperties) = preSolution
		HideSolutionNode = FALSE
	EndGlobalSection
	GlobalSection(ExtensibilityGlobals) = postSolution
		SolutionGuid = {518F9AC4-405A-4337-9A28-9D900136B323}
	EndGlobalSection
EndGlobal
