
Microsoft Visual Studio Solution File, Format Version 12.00
# Visual Studio 2012
Project("{FAE04EC0-301F-11D3-BF4B-00C04F79EFBC}") = "ex25", "ex25.csproj", "{749D4389-85A1-4805-AB48-4217AB332EB2}"
EndProject
Global
	GlobalSection(SolutionConfigurationPlatforms) = preSolution
		Debug|Any CPU = Debug|Any CPU
		Release|Any CPU = Release|Any CPU
	EndGlobalSection
	GlobalSection(ProjectConfigurationPlatforms) = postSolution
		{749D4389-85A1-4805-AB48-4217AB332EB2}.Debug|Any CPU.ActiveCfg = Debug|Any CPU
		{749D4389-85A1-4805-AB48-4217AB332EB2}.Debug|Any CPU.Build.0 = Debug|Any CPU
		{749D4389-85A1-4805-AB48-4217AB332EB2}.Release|Any CPU.ActiveCfg = Release|Any CPU
		{749D4389-85A1-4805-AB48-4217AB332EB2}.Release|Any CPU.Build.0 = Release|Any CPU
	EndGlobalSection
EndGlobal
