
Microsoft Visual Studio Solution File, Format Version 12.00
# Visual Studio 2012
Project("{FAE04EC0-301F-11D3-BF4B-00C04F79EFBC}") = "colors", "colors.csproj", "{BF0945DE-4DA2-4471-ABB9-BBA1C8C071FF}"
EndProject
Global
	GlobalSection(SolutionConfigurationPlatforms) = preSolution
		Debug|Any CPU = Debug|Any CPU
		Release|Any CPU = Release|Any CPU
	EndGlobalSection
	GlobalSection(ProjectConfigurationPlatforms) = postSolution
		{BF0945DE-4DA2-4471-ABB9-BBA1C8C071FF}.Debug|Any CPU.ActiveCfg = Debug|Any CPU
		{BF0945DE-4DA2-4471-ABB9-BBA1C8C071FF}.Debug|Any CPU.Build.0 = Debug|Any CPU
		{BF0945DE-4DA2-4471-ABB9-BBA1C8C071FF}.Release|Any CPU.ActiveCfg = Release|Any CPU
		{BF0945DE-4DA2-4471-ABB9-BBA1C8C071FF}.Release|Any CPU.Build.0 = Release|Any CPU
	EndGlobalSection
EndGlobal
