
Microsoft Visual Studio Solution File, Format Version 12.00
# Visual Studio 15
VisualStudioVersion = 15.0.26730.15
MinimumVisualStudioVersion = 10.0.40219.1
Project("{FAE04EC0-301F-11D3-BF4B-00C04F79EFBC}") = "EveryThingGoesToCenter", "EveryThingGoesToCenter.csproj", "{AD1630BA-21F5-4527-B00D-8A7308AAE145}"
EndProject
Global
	GlobalSection(SolutionConfigurationPlatforms) = preSolution
		Debug|Any CPU = Debug|Any CPU
		Release|Any CPU = Release|Any CPU
	EndGlobalSection
	GlobalSection(ProjectConfigurationPlatforms) = postSolution
		{AD1630BA-21F5-4527-B00D-8A7308AAE145}.Debug|Any CPU.ActiveCfg = Debug|Any CPU
		{AD1630BA-21F5-4527-B00D-8A7308AAE145}.Debug|Any CPU.Build.0 = Debug|Any CPU
		{AD1630BA-21F5-4527-B00D-8A7308AAE145}.Release|Any CPU.ActiveCfg = Release|Any CPU
		{AD1630BA-21F5-4527-B00D-8A7308AAE145}.Release|Any CPU.Build.0 = Release|Any CPU
	EndGlobalSection
	GlobalSection(SolutionProperties) = preSolution
		HideSolutionNode = FALSE
	EndGlobalSection
	GlobalSection(ExtensibilityGlobals) = postSolution
		SolutionGuid = {A0894960-852D-4C41-B9C4-9F0D43531935}
	EndGlobalSection
EndGlobal
