
Microsoft Visual Studio Solution File, Format Version 12.00
# Visual Studio 15
VisualStudioVersion = 15.0.27004.2002
MinimumVisualStudioVersion = 10.0.40219.1
Project("{FAE04EC0-301F-11D3-BF4B-00C04F79EFBC}") = "CiaoAdios", "CiaoAdios\CiaoAdios.csproj", "{97FD79D3-DD8F-46A7-9FB4-9D35B79600F1}"
EndProject
Global
	GlobalSection(SolutionConfigurationPlatforms) = preSolution
		Debug|Any CPU = Debug|Any CPU
		Release|Any CPU = Release|Any CPU
	EndGlobalSection
	GlobalSection(ProjectConfigurationPlatforms) = postSolution
		{97FD79D3-DD8F-46A7-9FB4-9D35B79600F1}.Debug|Any CPU.ActiveCfg = Debug|Any CPU
		{97FD79D3-DD8F-46A7-9FB4-9D35B79600F1}.Debug|Any CPU.Build.0 = Debug|Any CPU
		{97FD79D3-DD8F-46A7-9FB4-9D35B79600F1}.Release|Any CPU.ActiveCfg = Release|Any CPU
		{97FD79D3-DD8F-46A7-9FB4-9D35B79600F1}.Release|Any CPU.Build.0 = Release|Any CPU
	EndGlobalSection
	GlobalSection(SolutionProperties) = preSolution
		HideSolutionNode = FALSE
	EndGlobalSection
	GlobalSection(ExtensibilityGlobals) = postSolution
		SolutionGuid = {587BB0B0-ABDB-43DC-A077-50605CAE8085}
	EndGlobalSection
EndGlobal
