
Microsoft Visual Studio Solution File, Format Version 12.00
# Visual Studio 15
VisualStudioVersion = 15.0.26730.15
MinimumVisualStudioVersion = 10.0.40219.1
Project("{FAE04EC0-301F-11D3-BF4B-00C04F79EFBC}") = "Frequency", "Frequency\Frequency.csproj", "{CC18E7AB-D2A7-488F-A218-BD83B9FFCE25}"
EndProject
Global
	GlobalSection(SolutionConfigurationPlatforms) = preSolution
		Debug|Any CPU = Debug|Any CPU
		Release|Any CPU = Release|Any CPU
	EndGlobalSection
	GlobalSection(ProjectConfigurationPlatforms) = postSolution
		{CC18E7AB-D2A7-488F-A218-BD83B9FFCE25}.Debug|Any CPU.ActiveCfg = Debug|Any CPU
		{CC18E7AB-D2A7-488F-A218-BD83B9FFCE25}.Debug|Any CPU.Build.0 = Debug|Any CPU
		{CC18E7AB-D2A7-488F-A218-BD83B9FFCE25}.Release|Any CPU.ActiveCfg = Release|Any CPU
		{CC18E7AB-D2A7-488F-A218-BD83B9FFCE25}.Release|Any CPU.Build.0 = Release|Any CPU
	EndGlobalSection
	GlobalSection(SolutionProperties) = preSolution
		HideSolutionNode = FALSE
	EndGlobalSection
	GlobalSection(ExtensibilityGlobals) = postSolution
		SolutionGuid = {1D64A63A-DA46-4A60-B77E-1EB2CAC4F77B}
	EndGlobalSection
EndGlobal
