
Microsoft Visual Studio Solution File, Format Version 12.00
# Visual Studio 2012
Project("{FAE04EC0-301F-11D3-BF4B-00C04F79EFBC}") = "ex10", "ex10.csproj", "{3C3E35D0-1FC0-42BF-83AE-8D82AB91E005}"
EndProject
Global
	GlobalSection(SolutionConfigurationPlatforms) = preSolution
		Debug|Any CPU = Debug|Any CPU
		Release|Any CPU = Release|Any CPU
	EndGlobalSection
	GlobalSection(ProjectConfigurationPlatforms) = postSolution
		{3C3E35D0-1FC0-42BF-83AE-8D82AB91E005}.Debug|Any CPU.ActiveCfg = Debug|Any CPU
		{3C3E35D0-1FC0-42BF-83AE-8D82AB91E005}.Debug|Any CPU.Build.0 = Debug|Any CPU
		{3C3E35D0-1FC0-42BF-83AE-8D82AB91E005}.Release|Any CPU.ActiveCfg = Release|Any CPU
		{3C3E35D0-1FC0-42BF-83AE-8D82AB91E005}.Release|Any CPU.Build.0 = Release|Any CPU
	EndGlobalSection
EndGlobal
